
Microsoft Visual Studio Solution File, Format Version 10.00
# Visual C++ Express 2008
Project("{8BC9CEB8-8B4A-11D0-8D11-00A0C91BC942}") = "cia", "cia.vcproj", "{0274A613-EEFA-41C3-A418-56FF9100EF2E}"
EndProject
Global
	GlobalSection(SolutionConfigurationPlatforms) = preSolution
		vs-build-debug|Win32 = vs-build-debug|Win32
		vs-build-release|Win32 = vs-build-release|Win32
	EndGlobalSection
	GlobalSection(ProjectConfigurationPlatforms) = postSolution
		{0274A613-EEFA-41C3-A418-56FF9100EF2E}.vs-build-debug|Win32.ActiveCfg = debug|Win32
		{0274A613-EEFA-41C3-A418-56FF9100EF2E}.vs-build-debug|Win32.Build.0 = debug|Win32
		{0274A613-EEFA-41C3-A418-56FF9100EF2E}.vs-build-release|Win32.ActiveCfg = release|Win32
		{0274A613-EEFA-41C3-A418-56FF9100EF2E}.vs-build-release|Win32.Build.0 = release|Win32
	EndGlobalSection
	GlobalSection(SolutionProperties) = preSolution
		HideSolutionNode = FALSE
	EndGlobalSection
EndGlobal
